
Microsoft Visual Studio Solution File, Format Version 12.00
# Visual Studio Version 16
VisualStudioVersion = 16.0.29613.14
MinimumVisualStudioVersion = 10.0.40219.1
Project("{9A19103F-16F7-4668-BE54-9A1E7A4F7556}") = "RecipeBook", "RecipeBook\RecipeBook.csproj", "{18699753-6F31-4948-9E8F-3A9548ABF8CA}"
EndProject
Global
	GlobalSection(SolutionConfigurationPlatforms) = preSolution
		Debug|Any CPU = Debug|Any CPU
		Release|Any CPU = Release|Any CPU
	EndGlobalSection
	GlobalSection(ProjectConfigurationPlatforms) = postSolution
		{18699753-6F31-4948-9E8F-3A9548ABF8CA}.Debug|Any CPU.ActiveCfg = Debug|Any CPU
		{18699753-6F31-4948-9E8F-3A9548ABF8CA}.Debug|Any CPU.Build.0 = Debug|Any CPU
		{18699753-6F31-4948-9E8F-3A9548ABF8CA}.Release|Any CPU.ActiveCfg = Release|Any CPU
		{18699753-6F31-4948-9E8F-3A9548ABF8CA}.Release|Any CPU.Build.0 = Release|Any CPU
	EndGlobalSection
	GlobalSection(SolutionProperties) = preSolution
		HideSolutionNode = FALSE
	EndGlobalSection
	GlobalSection(ExtensibilityGlobals) = postSolution
		SolutionGuid = {8A63A206-34DE-479B-916B-E44A23F924DE}
	EndGlobalSection
EndGlobal
